
Microsoft Visual Studio Solution File, Format Version 12.00
# Visual Studio 2015
Project("{FAE04EC0-301F-11D3-BF4B-00C04F79EFBC}") = "UHackGame.CSharp", "UHackGame.CSharp.csproj", "{36ACA8C1-F6EA-720D-2F21-6A97E6D85EBB}"
EndProject
Global
	GlobalSection(SolutionConfigurationPlatforms) = preSolution
		Debug|Any CPU = Debug|Any CPU
		Release|Any CPU = Release|Any CPU
	EndGlobalSection
	GlobalSection(ProjectConfigurationPlatforms) = postSolution
		{36ACA8C1-F6EA-720D-2F21-6A97E6D85EBB}.Debug|Any CPU.ActiveCfg = Debug|Any CPU
		{36ACA8C1-F6EA-720D-2F21-6A97E6D85EBB}.Debug|Any CPU.Build.0 = Debug|Any CPU
		{36ACA8C1-F6EA-720D-2F21-6A97E6D85EBB}.Release|Any CPU.ActiveCfg = Release|Any CPU
		{36ACA8C1-F6EA-720D-2F21-6A97E6D85EBB}.Release|Any CPU.Build.0 = Release|Any CPU
	EndGlobalSection
	GlobalSection(SolutionProperties) = preSolution
		HideSolutionNode = FALSE
	EndGlobalSection
EndGlobal
